
Microsoft Visual Studio Solution File, Format Version 12.00
# Visual Studio Version 16
VisualStudioVersion = 16.0.30320.27
MinimumVisualStudioVersion = 10.0.40219.1
Project("{FAE04EC0-301F-11D3-BF4B-00C04F79EFBC}") = "ConfuserCSharp", "ConfuserCSharp.csproj", "{70F467FF-3241-4D7E-9EF5-F87EE90C1019}"
EndProject
Global
	GlobalSection(SolutionConfigurationPlatforms) = preSolution
		Debug|Any CPU = Debug|Any CPU
		Release|Any CPU = Release|Any CPU
	EndGlobalSection
	GlobalSection(ProjectConfigurationPlatforms) = postSolution
		{70F467FF-3241-4D7E-9EF5-F87EE90C1019}.Debug|Any CPU.ActiveCfg = Debug|Any CPU
		{70F467FF-3241-4D7E-9EF5-F87EE90C1019}.Debug|Any CPU.Build.0 = Debug|Any CPU
		{70F467FF-3241-4D7E-9EF5-F87EE90C1019}.Release|Any CPU.ActiveCfg = Release|Any CPU
		{70F467FF-3241-4D7E-9EF5-F87EE90C1019}.Release|Any CPU.Build.0 = Release|Any CPU
	EndGlobalSection
	GlobalSection(SolutionProperties) = preSolution
		HideSolutionNode = FALSE
	EndGlobalSection
	GlobalSection(ExtensibilityGlobals) = postSolution
		SolutionGuid = {4C2A2305-23B6-487E-8149-49A016B44DFC}
	EndGlobalSection
EndGlobal
